
Microsoft Visual Studio Solution File, Format Version 12.00
Project("{FAE04EC0-301F-11D3-BF4B-00C04F79EFBC}") = "carsales", "carsales\carsales.csproj", "{5E46D20F-412F-4C83-8B2F-23672C101121}"
EndProject
Project("{FAE04EC0-301F-11D3-BF4B-00C04F79EFBC}") = "CarSales.DataAccess", "CarSales.DataAccess\CarSales.DataAccess.csproj", "{E81AA8BA-B43A-43AC-BEE3-16BA006EAD7D}"
EndProject
Project("{FAE04EC0-301F-11D3-BF4B-00C04F79EFBC}") = "Carsales.BusinessManager", "Carsales.BusinessManager\Carsales.BusinessManager.csproj", "{D4377876-378F-4F96-8A3C-91A3AAA89BB7}"
EndProject
Project("{FAE04EC0-301F-11D3-BF4B-00C04F79EFBC}") = "CarSales.BusinessRules", "CarSales.BusinessRules\CarSales.BusinessRules.csproj", "{490ABDBD-0649-485D-9F23-1F42606BB594}"
EndProject
Project("{FAE04EC0-301F-11D3-BF4B-00C04F79EFBC}") = "Carsales.Common", "Carsales.Common\Carsales.Common.csproj", "{24FFFB1E-75CA-40A2-B710-498AED44E032}"
EndProject
Global
	GlobalSection(SolutionConfigurationPlatforms) = preSolution
		Debug|Any CPU = Debug|Any CPU
		Release|Any CPU = Release|Any CPU
	EndGlobalSection
	GlobalSection(ProjectConfigurationPlatforms) = postSolution
		{5E46D20F-412F-4C83-8B2F-23672C101121}.Debug|Any CPU.ActiveCfg = Debug|Any CPU
		{5E46D20F-412F-4C83-8B2F-23672C101121}.Debug|Any CPU.Build.0 = Debug|Any CPU
		{5E46D20F-412F-4C83-8B2F-23672C101121}.Release|Any CPU.ActiveCfg = Release|Any CPU
		{5E46D20F-412F-4C83-8B2F-23672C101121}.Release|Any CPU.Build.0 = Release|Any CPU
		{E81AA8BA-B43A-43AC-BEE3-16BA006EAD7D}.Debug|Any CPU.ActiveCfg = Debug|Any CPU
		{E81AA8BA-B43A-43AC-BEE3-16BA006EAD7D}.Debug|Any CPU.Build.0 = Debug|Any CPU
		{E81AA8BA-B43A-43AC-BEE3-16BA006EAD7D}.Release|Any CPU.ActiveCfg = Release|Any CPU
		{E81AA8BA-B43A-43AC-BEE3-16BA006EAD7D}.Release|Any CPU.Build.0 = Release|Any CPU
		{D4377876-378F-4F96-8A3C-91A3AAA89BB7}.Debug|Any CPU.ActiveCfg = Debug|Any CPU
		{D4377876-378F-4F96-8A3C-91A3AAA89BB7}.Debug|Any CPU.Build.0 = Debug|Any CPU
		{D4377876-378F-4F96-8A3C-91A3AAA89BB7}.Release|Any CPU.ActiveCfg = Release|Any CPU
		{D4377876-378F-4F96-8A3C-91A3AAA89BB7}.Release|Any CPU.Build.0 = Release|Any CPU
		{490ABDBD-0649-485D-9F23-1F42606BB594}.Debug|Any CPU.ActiveCfg = Debug|Any CPU
		{490ABDBD-0649-485D-9F23-1F42606BB594}.Debug|Any CPU.Build.0 = Debug|Any CPU
		{490ABDBD-0649-485D-9F23-1F42606BB594}.Release|Any CPU.ActiveCfg = Release|Any CPU
		{490ABDBD-0649-485D-9F23-1F42606BB594}.Release|Any CPU.Build.0 = Release|Any CPU
		{24FFFB1E-75CA-40A2-B710-498AED44E032}.Debug|Any CPU.ActiveCfg = Debug|Any CPU
		{24FFFB1E-75CA-40A2-B710-498AED44E032}.Debug|Any CPU.Build.0 = Debug|Any CPU
		{24FFFB1E-75CA-40A2-B710-498AED44E032}.Release|Any CPU.ActiveCfg = Release|Any CPU
		{24FFFB1E-75CA-40A2-B710-498AED44E032}.Release|Any CPU.Build.0 = Release|Any CPU
	EndGlobalSection
EndGlobal
